
Microsoft Visual Studio Solution File, Format Version 12.00
# Visual Studio Version 17
VisualStudioVersion = 17.11.35222.181
MinimumVisualStudioVersion = 10.0.40219.1
Project("{FAE04EC0-301F-11D3-BF4B-00C04F79EFBC}") = "Excerise3SimpleConverter", "Excerise3SimpleConverter\Excerise3SimpleConverter.csproj", "{1A4E8820-C49E-4E4E-963A-400E7B6A0605}"
EndProject
Global
	GlobalSection(SolutionConfigurationPlatforms) = preSolution
		Debug|Any CPU = Debug|Any CPU
		Release|Any CPU = Release|Any CPU
	EndGlobalSection
	GlobalSection(ProjectConfigurationPlatforms) = postSolution
		{1A4E8820-C49E-4E4E-963A-400E7B6A0605}.Debug|Any CPU.ActiveCfg = Debug|Any CPU
		{1A4E8820-C49E-4E4E-963A-400E7B6A0605}.Debug|Any CPU.Build.0 = Debug|Any CPU
		{1A4E8820-C49E-4E4E-963A-400E7B6A0605}.Release|Any CPU.ActiveCfg = Release|Any CPU
		{1A4E8820-C49E-4E4E-963A-400E7B6A0605}.Release|Any CPU.Build.0 = Release|Any CPU
	EndGlobalSection
	GlobalSection(SolutionProperties) = preSolution
		HideSolutionNode = FALSE
	EndGlobalSection
	GlobalSection(ExtensibilityGlobals) = postSolution
		SolutionGuid = {CB780FC7-C886-47CE-9F4B-36F8B923A225}
	EndGlobalSection
EndGlobal
