
Microsoft Visual Studio Solution File, Format Version 12.00
# Visual Studio Version 17
VisualStudioVersion = 17.11.35222.181
MinimumVisualStudioVersion = 10.0.40219.1
Project("{FAE04EC0-301F-11D3-BF4B-00C04F79EFBC}") = "2WeekSimpleConverter", "2WeekSimpleConverter\2WeekSimpleConverter.csproj", "{F8DF6306-ABAA-4819-969A-C7FE5B258D8C}"
EndProject
Global
	GlobalSection(SolutionConfigurationPlatforms) = preSolution
		Debug|Any CPU = Debug|Any CPU
		Release|Any CPU = Release|Any CPU
	EndGlobalSection
	GlobalSection(ProjectConfigurationPlatforms) = postSolution
		{F8DF6306-ABAA-4819-969A-C7FE5B258D8C}.Debug|Any CPU.ActiveCfg = Debug|Any CPU
		{F8DF6306-ABAA-4819-969A-C7FE5B258D8C}.Debug|Any CPU.Build.0 = Debug|Any CPU
		{F8DF6306-ABAA-4819-969A-C7FE5B258D8C}.Release|Any CPU.ActiveCfg = Release|Any CPU
		{F8DF6306-ABAA-4819-969A-C7FE5B258D8C}.Release|Any CPU.Build.0 = Release|Any CPU
	EndGlobalSection
	GlobalSection(SolutionProperties) = preSolution
		HideSolutionNode = FALSE
	EndGlobalSection
	GlobalSection(ExtensibilityGlobals) = postSolution
		SolutionGuid = {AB2DE26B-1A1E-4EAF-B754-7C76C50E00DD}
	EndGlobalSection
EndGlobal
