
Microsoft Visual Studio Solution File, Format Version 12.00
# Visual Studio Version 17
VisualStudioVersion = 17.11.35222.181
MinimumVisualStudioVersion = 10.0.40219.1
Project("{FAE04EC0-301F-11D3-BF4B-00C04F79EFBC}") = "Excerise1", "Excerise1\Excerise1.csproj", "{B621218E-9FD9-4D71-BADC-8F3B45213AFD}"
EndProject
Global
	GlobalSection(SolutionConfigurationPlatforms) = preSolution
		Debug|Any CPU = Debug|Any CPU
		Release|Any CPU = Release|Any CPU
	EndGlobalSection
	GlobalSection(ProjectConfigurationPlatforms) = postSolution
		{B621218E-9FD9-4D71-BADC-8F3B45213AFD}.Debug|Any CPU.ActiveCfg = Debug|Any CPU
		{B621218E-9FD9-4D71-BADC-8F3B45213AFD}.Debug|Any CPU.Build.0 = Debug|Any CPU
		{B621218E-9FD9-4D71-BADC-8F3B45213AFD}.Release|Any CPU.ActiveCfg = Release|Any CPU
		{B621218E-9FD9-4D71-BADC-8F3B45213AFD}.Release|Any CPU.Build.0 = Release|Any CPU
	EndGlobalSection
	GlobalSection(SolutionProperties) = preSolution
		HideSolutionNode = FALSE
	EndGlobalSection
	GlobalSection(ExtensibilityGlobals) = postSolution
		SolutionGuid = {ACEB4AE8-4736-49B4-B3CB-34B20DD5C9C9}
	EndGlobalSection
EndGlobal
