
Microsoft Visual Studio Solution File, Format Version 12.00
# Visual Studio Version 17
VisualStudioVersion = 17.11.35222.181
MinimumVisualStudioVersion = 10.0.40219.1
Project("{FAE04EC0-301F-11D3-BF4B-00C04F79EFBC}") = "Excerise1Scope1", "Excerise1Scope1\Excerise1Scope1.csproj", "{DA29B93E-2A6D-4254-8E4F-37EBBA642371}"
EndProject
Global
	GlobalSection(SolutionConfigurationPlatforms) = preSolution
		Debug|Any CPU = Debug|Any CPU
		Release|Any CPU = Release|Any CPU
	EndGlobalSection
	GlobalSection(ProjectConfigurationPlatforms) = postSolution
		{DA29B93E-2A6D-4254-8E4F-37EBBA642371}.Debug|Any CPU.ActiveCfg = Debug|Any CPU
		{DA29B93E-2A6D-4254-8E4F-37EBBA642371}.Debug|Any CPU.Build.0 = Debug|Any CPU
		{DA29B93E-2A6D-4254-8E4F-37EBBA642371}.Release|Any CPU.ActiveCfg = Release|Any CPU
		{DA29B93E-2A6D-4254-8E4F-37EBBA642371}.Release|Any CPU.Build.0 = Release|Any CPU
	EndGlobalSection
	GlobalSection(SolutionProperties) = preSolution
		HideSolutionNode = FALSE
	EndGlobalSection
	GlobalSection(ExtensibilityGlobals) = postSolution
		SolutionGuid = {BD5C4581-DEFC-4795-A616-06F633A2D53C}
	EndGlobalSection
EndGlobal
