
Microsoft Visual Studio Solution File, Format Version 12.00
# Visual Studio Version 17
VisualStudioVersion = 17.11.35222.181
MinimumVisualStudioVersion = 10.0.40219.1
Project("{FAE04EC0-301F-11D3-BF4B-00C04F79EFBC}") = "2WeekExcerise7WhileLoop", "2WeekExcerise7WhileLoop\2WeekExcerise7WhileLoop.csproj", "{980C57B3-AC21-4914-8E79-8F26D6804233}"
EndProject
Global
	GlobalSection(SolutionConfigurationPlatforms) = preSolution
		Debug|Any CPU = Debug|Any CPU
		Release|Any CPU = Release|Any CPU
	EndGlobalSection
	GlobalSection(ProjectConfigurationPlatforms) = postSolution
		{980C57B3-AC21-4914-8E79-8F26D6804233}.Debug|Any CPU.ActiveCfg = Debug|Any CPU
		{980C57B3-AC21-4914-8E79-8F26D6804233}.Debug|Any CPU.Build.0 = Debug|Any CPU
		{980C57B3-AC21-4914-8E79-8F26D6804233}.Release|Any CPU.ActiveCfg = Release|Any CPU
		{980C57B3-AC21-4914-8E79-8F26D6804233}.Release|Any CPU.Build.0 = Release|Any CPU
	EndGlobalSection
	GlobalSection(SolutionProperties) = preSolution
		HideSolutionNode = FALSE
	EndGlobalSection
	GlobalSection(ExtensibilityGlobals) = postSolution
		SolutionGuid = {3FE06ABC-ADB1-43F9-882B-7BC7E0A53EBA}
	EndGlobalSection
EndGlobal
